<?xml version="1.0" encoding="UTF-8" standalone="yes" ?>
<CodeBlocks_project_file>
	<FileVersion major="1" minor="6" />
	<Project>
		<Option title="newZoo" />
		<Option pch_mode="2" />
		<Option compiler="gcc" />
		<Build>
			<Target title="Debug">
				<Option output="bin/Debug/newZoo" prefix_auto="1" extension_auto="1" />
				<Option object_output="obj/Debug/" />
				<Option type="1" />
				<Option compiler="gcc" />
				<Compiler>
					<Add option="-g" />
					<Add directory="include" />
				</Compiler>
			</Target>
			<Target title="Release">
				<Option output="bin/Release/newZoo" prefix_auto="1" extension_auto="1" />
				<Option object_output="obj/Release/" />
				<Option type="1" />
				<Option compiler="gcc" />
				<Compiler>
					<Add option="-O2" />
					<Add directory="include" />
				</Compiler>
				<Linker>
					<Add option="-s" />
				</Linker>
			</Target>
		</Build>
		<Compiler>
			<Add option="-Wall" />
			<Add option="-fexceptions" />
		</Compiler>
		<Unit filename="include/Animal.h" />
		<Unit filename="include/Elephant.h" />
		<Unit filename="include/Enclosure.h" />
		<Unit filename="include/Horse.h" />
		<Unit filename="include/Lion.h" />
		<Unit filename="include/Zoo.h" />
		<Unit filename="include/Zookeeper.h" />
		<Unit filename="main.cpp" />
		<Unit filename="src/Animal.cpp" />
		<Unit filename="src/Elephant.cpp" />
		<Unit filename="src/Enclosure.cpp" />
		<Unit filename="src/Horse.cpp" />
		<Unit filename="src/Lion.cpp" />
		<Unit filename="src/Zoo.cpp" />
		<Unit filename="src/Zookeeper.cpp" />
		<Extensions />
	</Project>
</CodeBlocks_project_file>
